
Microsoft Visual Studio Solution File, Format Version 12.00
# Visual Studio Version 16
VisualStudioVersion = 16.0.29503.13
MinimumVisualStudioVersion = 10.0.40219.1
Project("{9A19103F-16F7-4668-BE54-9A1E7A4F7556}") = "BoreholeCalculation", "TrackDrawerLibrary\BoreholeCalculation.csproj", "{AB8DFD57-4306-4FCD-9755-23ED306EC965}"
EndProject
Project("{9A19103F-16F7-4668-BE54-9A1E7A4F7556}") = "BackendAPI", "BackendAPI\BackendAPI.csproj", "{ECAD2D5E-91B7-425B-8517-F1435CB44F24}"
EndProject
Project("{9A19103F-16F7-4668-BE54-9A1E7A4F7556}") = "MainMVC", "MainMVC\MainMVC.csproj", "{84518CB8-1D8B-47EE-BEA5-A5A8BC82399B}"
EndProject
Global
	GlobalSection(SolutionConfigurationPlatforms) = preSolution
		Debug|Any CPU = Debug|Any CPU
		Release|Any CPU = Release|Any CPU
	EndGlobalSection
	GlobalSection(ProjectConfigurationPlatforms) = postSolution
		{AB8DFD57-4306-4FCD-9755-23ED306EC965}.Debug|Any CPU.ActiveCfg = Debug|Any CPU
		{AB8DFD57-4306-4FCD-9755-23ED306EC965}.Debug|Any CPU.Build.0 = Debug|Any CPU
		{AB8DFD57-4306-4FCD-9755-23ED306EC965}.Release|Any CPU.ActiveCfg = Release|Any CPU
		{AB8DFD57-4306-4FCD-9755-23ED306EC965}.Release|Any CPU.Build.0 = Release|Any CPU
		{ECAD2D5E-91B7-425B-8517-F1435CB44F24}.Debug|Any CPU.ActiveCfg = Debug|Any CPU
		{ECAD2D5E-91B7-425B-8517-F1435CB44F24}.Debug|Any CPU.Build.0 = Debug|Any CPU
		{ECAD2D5E-91B7-425B-8517-F1435CB44F24}.Release|Any CPU.ActiveCfg = Release|Any CPU
		{ECAD2D5E-91B7-425B-8517-F1435CB44F24}.Release|Any CPU.Build.0 = Release|Any CPU
		{84518CB8-1D8B-47EE-BEA5-A5A8BC82399B}.Debug|Any CPU.ActiveCfg = Debug|Any CPU
		{84518CB8-1D8B-47EE-BEA5-A5A8BC82399B}.Debug|Any CPU.Build.0 = Debug|Any CPU
		{84518CB8-1D8B-47EE-BEA5-A5A8BC82399B}.Release|Any CPU.ActiveCfg = Release|Any CPU
		{84518CB8-1D8B-47EE-BEA5-A5A8BC82399B}.Release|Any CPU.Build.0 = Release|Any CPU
	EndGlobalSection
	GlobalSection(SolutionProperties) = preSolution
		HideSolutionNode = FALSE
	EndGlobalSection
	GlobalSection(ExtensibilityGlobals) = postSolution
		SolutionGuid = {B3B3DD72-A0D9-4ACE-A817-396B9C6FEC9E}
	EndGlobalSection
EndGlobal
